
Microsoft Visual Studio Solution File, Format Version 12.00
# Visual Studio Version 17
VisualStudioVersion = 17.11.35222.181
MinimumVisualStudioVersion = 10.0.40219.1
Project("{9A19103F-16F7-4668-BE54-9A1E7A4F7556}") = "WebApplication1333333", "WebApplication1333333\WebApplication1333333.csproj", "{729459BF-5FF5-4D8C-9E66-A59A0D08EEC3}"
EndProject
Global
	GlobalSection(SolutionConfigurationPlatforms) = preSolution
		Debug|Any CPU = Debug|Any CPU
		Release|Any CPU = Release|Any CPU
	EndGlobalSection
	GlobalSection(ProjectConfigurationPlatforms) = postSolution
		{729459BF-5FF5-4D8C-9E66-A59A0D08EEC3}.Debug|Any CPU.ActiveCfg = Debug|Any CPU
		{729459BF-5FF5-4D8C-9E66-A59A0D08EEC3}.Debug|Any CPU.Build.0 = Debug|Any CPU
		{729459BF-5FF5-4D8C-9E66-A59A0D08EEC3}.Release|Any CPU.ActiveCfg = Release|Any CPU
		{729459BF-5FF5-4D8C-9E66-A59A0D08EEC3}.Release|Any CPU.Build.0 = Release|Any CPU
	EndGlobalSection
	GlobalSection(SolutionProperties) = preSolution
		HideSolutionNode = FALSE
	EndGlobalSection
	GlobalSection(ExtensibilityGlobals) = postSolution
		SolutionGuid = {17C3E578-4635-415D-AF3B-ED8820D44622}
	EndGlobalSection
EndGlobal
